{
  "name": "ipfs-mediator",
  "version": "0.1.0",
  "lockfileVersion": 3,
  "requires": true,
  "packages": {
    "": {
      "name": "ipfs-mediator",
      "version": "0.1.0",
      "license": "MIT",
      "dependencies": {
        "canonicalize": "^2.0.0",
        "dotenv": "^16.4.5",
        "multiformats": "^13.0.0"
      }
    },
    "node_modules/canonicalize": {
      "version": "2.0.0",
      "resolved": "https://registry.npmjs.org/canonicalize/-/canonicalize-2.0.0.tgz",
      "integrity": "sha512-ulDEYPv7asdKvqahuAY35c1selLdzDwHqugK92hfkzvlDCwXRRelDkR+Er33md/PtnpqHemgkuDPanZ4fiYZ8w=="
    },
    "node_modules/dotenv": {
      "version": "16.4.5",
      "resolved": "https://registry.npmjs.org/dotenv/-/dotenv-16.4.5.tgz",
      "integrity": "sha512-ZmdL2rui+eB2YwhsWzjInR8LldtZHGDoQ1ugH85ppHKwpUHL7j7rN0Ti9NCnGiQbhaZ11FpR+7ao1dNsmduNUg==",
      "engines": {
        "node": ">=12"
      },
      "funding": {
        "url": "https://dotenvx.com"
      }
    },
    "node_modules/multiformats": {
      "version": "13.3.1",
      "resolved": "https://registry.npmjs.org/multiformats/-/multiformats-13.3.1.tgz",
      "integrity": "sha512-QxowxTNwJ3r5RMctoGA5p13w5RbRT2QDkoM+yFlqfLiioBp78nhDjnRLvmSBI9+KAqN4VdgOVWM9c0CHd86m3g=="
    }
  }
}
